
Microsoft Visual Studio Solution File, Format Version 12.00
# Visual Studio 2015
Project("{FAE04EC0-301F-11D3-BF4B-00C04F79EFBC}") = "MirageAndroidStudio", "MirageAndroidStudio.csproj", "{FFF86364-960A-B766-1FEF-4E4158268D68}"
EndProject
Project("{FAE04EC0-301F-11D3-BF4B-00C04F79EFBC}") = "MirageAndroidStudio.Editor", "MirageAndroidStudio.Editor.csproj", "{13006B52-A7CB-864F-8107-D1436BA8D40A}"
EndProject
Global
	GlobalSection(SolutionConfigurationPlatforms) = preSolution
		Debug|Any CPU = Debug|Any CPU
		Release|Any CPU = Release|Any CPU
	EndGlobalSection
	GlobalSection(ProjectConfigurationPlatforms) = postSolution
		{FFF86364-960A-B766-1FEF-4E4158268D68}.Debug|Any CPU.ActiveCfg = Debug|Any CPU
		{FFF86364-960A-B766-1FEF-4E4158268D68}.Debug|Any CPU.Build.0 = Debug|Any CPU
		{FFF86364-960A-B766-1FEF-4E4158268D68}.Release|Any CPU.ActiveCfg = Release|Any CPU
		{FFF86364-960A-B766-1FEF-4E4158268D68}.Release|Any CPU.Build.0 = Release|Any CPU
		{13006B52-A7CB-864F-8107-D1436BA8D40A}.Debug|Any CPU.ActiveCfg = Debug|Any CPU
		{13006B52-A7CB-864F-8107-D1436BA8D40A}.Debug|Any CPU.Build.0 = Debug|Any CPU
		{13006B52-A7CB-864F-8107-D1436BA8D40A}.Release|Any CPU.ActiveCfg = Release|Any CPU
		{13006B52-A7CB-864F-8107-D1436BA8D40A}.Release|Any CPU.Build.0 = Release|Any CPU
	EndGlobalSection
	GlobalSection(SolutionProperties) = preSolution
		HideSolutionNode = FALSE
	EndGlobalSection
EndGlobal
